// !$*UTF8*$!
{
	archiveVersion = 1;
	classes = {
	};
	objectVersion = 46;
	objects = {

/* Begin PBXBuildFile section */
		534B0F0817EE98A9002B0573 /* Foundation.framework in Frameworks */ = {isa = PBXBuildFile; fileRef = 534B0F0717EE98A9002B0573 /* Foundation.framework */; };
		534B0F0A17EE98A9002B0573 /* CoreGraphics.framework in Frameworks */ = {isa = PBXBuildFile; fileRef = 534B0F0917EE98A9002B0573 /* CoreGraphics.framework */; };
		534B0F0C17EE98A9002B0573 /* UIKit.framework in Frameworks */ = {isa = PBXBuildFile; fileRef = 534B0F0B17EE98A9002B0573 /* UIKit.framework */; };
		534B0F1217EE98A9002B0573 /* InfoPlist.strings in Resources */ = {isa = PBXBuildFile; fileRef = 534B0F1017EE98A9002B0573 /* InfoPlist.strings */; };
		534B0F1417EE98A9002B0573 /* main.m in Sources */ = {isa = PBXBuildFile; fileRef = 534B0F1317EE98A9002B0573 /* main.m */; };
		534B0F1817EE98A9002B0573 /* AppDelegate.m in Sources */ = {isa = PBXBuildFile; fileRef = 534B0F1717EE98A9002B0573 /* AppDelegate.m */; };
		534B0F1B17EE98A9002B0573 /* Main.storyboard in Resources */ = {isa = PBXBuildFile; fileRef = 534B0F1917EE98A9002B0573 /* Main.storyboard */; };
		534B0F1E17EE98A9002B0573 /* ViewController.m in Sources */ = {isa = PBXBuildFile; fileRef = 534B0F1D17EE98A9002B0573 /* ViewController.m */; };
		534B0F2017EE98A9002B0573 /* Images.xcassets in Resources */ = {isa = PBXBuildFile; fileRef = 534B0F1F17EE98A9002B0573 /* Images.xcassets */; };
		534B0F2717EE98A9002B0573 /* XCTest.framework in Frameworks */ = {isa = PBXBuildFile; fileRef = 534B0F2617EE98A9002B0573 /* XCTest.framework */; };
		534B0F2817EE98A9002B0573 /* Foundation.framework in Frameworks */ = {isa = PBXBuildFile; fileRef = 534B0F0717EE98A9002B0573 /* Foundation.framework */; };
		534B0F2917EE98A9002B0573 /* UIKit.framework in Frameworks */ = {isa = PBXBuildFile; fileRef = 534B0F0B17EE98A9002B0573 /* UIKit.framework */; };
		534B0F3117EE98A9002B0573 /* InfoPlist.strings in Resources */ = {isa = PBXBuildFile; fileRef = 534B0F2F17EE98A9002B0573 /* InfoPlist.strings */; };
		534B0F3317EE98A9002B0573 /* ImageSwiperTests.m in Sources */ = {isa = PBXBuildFile; fileRef = 534B0F3217EE98A9002B0573 /* ImageSwiperTests.m */; };
		534B0F4117EEE5EB002B0573 /* CardView.m in Sources */ = {isa = PBXBuildFile; fileRef = 534B0F4017EEE5EB002B0573 /* CardView.m */; };
/* End PBXBuildFile section */

/* Begin PBXContainerItemProxy section */
		534B0F2A17EE98A9002B0573 /* PBXContainerItemProxy */ = {
			isa = PBXContainerItemProxy;
			containerPortal = 534B0EFC17EE98A9002B0573 /* Project object */;
			proxyType = 1;
			remoteGlobalIDString = 534B0F0317EE98A9002B0573;
			remoteInfo = ImageSwiper;
		};
/* End PBXContainerItemProxy section */

/* Begin PBXFileReference section */
		534B0F0417EE98A9002B0573 /* ImageSwiper.app */ = {isa = PBXFileReference; explicitFileType = wrapper.application; includeInIndex = 0; path = ImageSwiper.app; sourceTree = BUILT_PRODUCTS_DIR; };
		534B0F0717EE98A9002B0573 /* Foundation.framework */ = {isa = PBXFileReference; lastKnownFileType = wrapper.framework; name = Foundation.framework; path = System/Library/Frameworks/Foundation.framework; sourceTree = SDKROOT; };
		534B0F0917EE98A9002B0573 /* CoreGraphics.framework */ = {isa = PBXFileReference; lastKnownFileType = wrapper.framework; name = CoreGraphics.framework; path = System/Library/Frameworks/CoreGraphics.framework; sourceTree = SDKROOT; };
		534B0F0B17EE98A9002B0573 /* UIKit.framework */ = {isa = PBXFileReference; lastKnownFileType = wrapper.framework; name = UIKit.framework; path = System/Library/Frameworks/UIKit.framework; sourceTree = SDKROOT; };
		534B0F0F17EE98A9002B0573 /* ImageSwiper-Info.plist */ = {isa = PBXFileReference; lastKnownFileType = text.plist.xml; path = "ImageSwiper-Info.plist"; sourceTree = "<group>"; };
		534B0F1117EE98A9002B0573 /* en */ = {isa = PBXFileReference; lastKnownFileType = text.plist.strings; name = en; path = en.lproj/InfoPlist.strings; sourceTree = "<group>"; };
		534B0F1317EE98A9002B0573 /* main.m */ = {isa = PBXFileReference; lastKnownFileType = sourcecode.c.objc; path = main.m; sourceTree = "<group>"; };
		534B0F1517EE98A9002B0573 /* ImageSwiper-Prefix.pch */ = {isa = PBXFileReference; lastKnownFileType = sourcecode.c.h; path = "ImageSwiper-Prefix.pch"; sourceTree = "<group>"; };
		534B0F1617EE98A9002B0573 /* AppDelegate.h */ = {isa = PBXFileReference; lastKnownFileType = sourcecode.c.h; path = AppDelegate.h; sourceTree = "<group>"; };
		534B0F1717EE98A9002B0573 /* AppDelegate.m */ = {isa = PBXFileReference; lastKnownFileType = sourcecode.c.objc; path = AppDelegate.m; sourceTree = "<group>"; };
		534B0F1A17EE98A9002B0573 /* Base */ = {isa = PBXFileReference; lastKnownFileType = file.storyboard; name = Base; path = Base.lproj/Main.storyboard; sourceTree = "<group>"; };
		534B0F1C17EE98A9002B0573 /* ViewController.h */ = {isa = PBXFileReference; lastKnownFileType = sourcecode.c.h; path = ViewController.h; sourceTree = "<group>"; };
		534B0F1D17EE98A9002B0573 /* ViewController.m */ = {isa = PBXFileReference; lastKnownFileType = sourcecode.c.objc; path = ViewController.m; sourceTree = "<group>"; };
		534B0F1F17EE98A9002B0573 /* Images.xcassets */ = {isa = PBXFileReference; lastKnownFileType = folder.assetcatalog; path = Images.xcassets; sourceTree = "<group>"; };
		534B0F2517EE98A9002B0573 /* ImageSwiperTests.xctest */ = {isa = PBXFileReference; explicitFileType = wrapper.cfbundle; includeInIndex = 0; path = ImageSwiperTests.xctest; sourceTree = BUILT_PRODUCTS_DIR; };
		534B0F2617EE98A9002B0573 /* XCTest.framework */ = {isa = PBXFileReference; lastKnownFileType = wrapper.framework; name = XCTest.framework; path = Library/Frameworks/XCTest.framework; sourceTree = DEVELOPER_DIR; };
		534B0F2E17EE98A9002B0573 /* ImageSwiperTests-Info.plist */ = {isa = PBXFileReference; lastKnownFileType = text.plist.xml; path = "ImageSwiperTests-Info.plist"; sourceTree = "<group>"; };
		534B0F3017EE98A9002B0573 /* en */ = {isa = PBXFileReference; lastKnownFileType = text.plist.strings; name = en; path = en.lproj/InfoPlist.strings; sourceTree = "<group>"; };
		534B0F3217EE98A9002B0573 /* ImageSwiperTests.m */ = {isa = PBXFileReference; lastKnownFileType = sourcecode.c.objc; path = ImageSwiperTests.m; sourceTree = "<group>"; };
		534B0F3F17EEE5EB002B0573 /* CardView.h */ = {isa = PBXFileReference; fileEncoding = 4; lastKnownFileType = sourcecode.c.h; path = CardView.h; sourceTree = "<group>"; };
		534B0F4017EEE5EB002B0573 /* CardView.m */ = {isa = PBXFileReference; fileEncoding = 4; lastKnownFileType = sourcecode.c.objc; path = CardView.m; sourceTree = "<group>"; };
/* End PBXFileReference section */

/* Begin PBXFrameworksBuildPhase section */
		534B0F0117EE98A9002B0573 /* Frameworks */ = {
			isa = PBXFrameworksBuildPhase;
			buildActionMask = 2147483647;
			files = (
				534B0F0A17EE98A9002B0573 /* CoreGraphics.framework in Frameworks */,
				534B0F0C17EE98A9002B0573 /* UIKit.framework in Frameworks */,
				534B0F0817EE98A9002B0573 /* Foundation.framework in Frameworks */,
			);
			runOnlyForDeploymentPostprocessing = 0;
		};
		534B0F2217EE98A9002B0573 /* Frameworks */ = {
			isa = PBXFrameworksBuildPhase;
			buildActionMask = 2147483647;
			files = (
				534B0F2717EE98A9002B0573 /* XCTest.framework in Frameworks */,
				534B0F2917EE98A9002B0573 /* UIKit.framework in Frameworks */,
				534B0F2817EE98A9002B0573 /* Foundation.framework in Frameworks */,
			);
			runOnlyForDeploymentPostprocessing = 0;
		};
/* End PBXFrameworksBuildPhase section */

/* Begin PBXGroup section */
		534B0EFB17EE98A8002B0573 = {
			isa = PBXGroup;
			children = (
				534B0F0D17EE98A9002B0573 /* ImageSwiper */,
				534B0F2C17EE98A9002B0573 /* ImageSwiperTests */,
				534B0F0617EE98A9002B0573 /* Frameworks */,
				534B0F0517EE98A9002B0573 /* Products */,
			);
			sourceTree = "<group>";
		};
		534B0F0517EE98A9002B0573 /* Products */ = {
			isa = PBXGroup;
			children = (
				534B0F0417EE98A9002B0573 /* ImageSwiper.app */,
				534B0F2517EE98A9002B0573 /* ImageSwiperTests.xctest */,
			);
			name = Products;
			sourceTree = "<group>";
		};
		534B0F0617EE98A9002B0573 /* Frameworks */ = {
			isa = PBXGroup;
			children = (
				534B0F0717EE98A9002B0573 /* Foundation.framework */,
				534B0F0917EE98A9002B0573 /* CoreGraphics.framework */,
				534B0F0B17EE98A9002B0573 /* UIKit.framework */,
				534B0F2617EE98A9002B0573 /* XCTest.framework */,
			);
			name = Frameworks;
			sourceTree = "<group>";
		};
		534B0F0D17EE98A9002B0573 /* ImageSwiper */ = {
			isa = PBXGroup;
			children = (
				534B0F3F17EEE5EB002B0573 /* CardView.h */,
				534B0F4017EEE5EB002B0573 /* CardView.m */,
				534B0F1617EE98A9002B0573 /* AppDelegate.h */,
				534B0F1717EE98A9002B0573 /* AppDelegate.m */,
				534B0F1917EE98A9002B0573 /* Main.storyboard */,
				534B0F1C17EE98A9002B0573 /* ViewController.h */,
				534B0F1D17EE98A9002B0573 /* ViewController.m */,
				534B0F1F17EE98A9002B0573 /* Images.xcassets */,
				534B0F0E17EE98A9002B0573 /* Supporting Files */,
			);
			path = ImageSwiper;
			sourceTree = "<group>";
		};
		534B0F0E17EE98A9002B0573 /* Supporting Files */ = {
			isa = PBXGroup;
			children = (
				534B0F0F17EE98A9002B0573 /* ImageSwiper-Info.plist */,
				534B0F1017EE98A9002B0573 /* InfoPlist.strings */,
				534B0F1317EE98A9002B0573 /* main.m */,
				534B0F1517EE98A9002B0573 /* ImageSwiper-Prefix.pch */,
			);
			name = "Supporting Files";
			sourceTree = "<group>";
		};
		534B0F2C17EE98A9002B0573 /* ImageSwiperTests */ = {
			isa = PBXGroup;
			children = (
				534B0F3217EE98A9002B0573 /* ImageSwiperTests.m */,
				534B0F2D17EE98A9002B0573 /* Supporting Files */,
			);
			path = ImageSwiperTests;
			sourceTree = "<group>";
		};
		534B0F2D17EE98A9002B0573 /* Supporting Files */ = {
			isa = PBXGroup;
			children = (
				534B0F2E17EE98A9002B0573 /* ImageSwiperTests-Info.plist */,
				534B0F2F17EE98A9002B0573 /* InfoPlist.strings */,
			);
			name = "Supporting Files";
			sourceTree = "<group>";
		};
/* End PBXGroup section */

/* Begin PBXNativeTarget section */
		534B0F0317EE98A9002B0573 /* ImageSwiper */ = {
			isa = PBXNativeTarget;
			buildConfigurationList = 534B0F3617EE98A9002B0573 /* Build configuration list for PBXNativeTarget "ImageSwiper" */;
			buildPhases = (
				534B0F0017EE98A9002B0573 /* Sources */,
				534B0F0117EE98A9002B0573 /* Frameworks */,
				534B0F0217EE98A9002B0573 /* Resources */,
			);
			buildRules = (
			);
			dependencies = (
			);
			name = ImageSwiper;
			productName = ImageSwiper;
			productReference = 534B0F0417EE98A9002B0573 /* ImageSwiper.app */;
			productType = "com.apple.product-type.application";
		};
		534B0F2417EE98A9002B0573 /* ImageSwiperTests */ = {
			isa = PBXNativeTarget;
			buildConfigurationList = 534B0F3917EE98A9002B0573 /* Build configuration list for PBXNativeTarget "ImageSwiperTests" */;
			buildPhases = (
				534B0F2117EE98A9002B0573 /* Sources */,
				534B0F2217EE98A9002B0573 /* Frameworks */,
				534B0F2317EE98A9002B0573 /* Resources */,
			);
			buildRules = (
			);
			dependencies = (
				534B0F2B17EE98A9002B0573 /* PBXTargetDependency */,
			);
			name = ImageSwiperTests;
			productName = ImageSwiperTests;
			productReference = 534B0F2517EE98A9002B0573 /* ImageSwiperTests.xctest */;
			productType = "com.apple.product-type.bundle.unit-test";
		};
/* End PBXNativeTarget section */

/* Begin PBXProject section */
		534B0EFC17EE98A9002B0573 /* Project object */ = {
			isa = PBXProject;
			attributes = {
				LastUpgradeCheck = 0500;
				ORGANIZATIONNAME = "Tim Woo";
				TargetAttributes = {
					534B0F0317EE98A9002B0573 = {
						DevelopmentTeam = M8A3M8L46S;
					};
					534B0F2417EE98A9002B0573 = {
						TestTargetID = 534B0F0317EE98A9002B0573;
					};
				};
			};
			buildConfigurationList = 534B0EFF17EE98A9002B0573 /* Build configuration list for PBXProject "ImageSwiper" */;
			compatibilityVersion = "Xcode 3.2";
			developmentRegion = English;
			hasScannedForEncodings = 0;
			knownRegions = (
				en,
				Base,
			);
			mainGroup = 534B0EFB17EE98A8002B0573;
			productRefGroup = 534B0F0517EE98A9002B0573 /* Products */;
			projectDirPath = "";
			projectRoot = "";
			targets = (
				534B0F0317EE98A9002B0573 /* ImageSwiper */,
				534B0F2417EE98A9002B0573 /* ImageSwiperTests */,
			);
		};
/* End PBXProject section */

/* Begin PBXResourcesBuildPhase section */
		534B0F0217EE98A9002B0573 /* Resources */ = {
			isa = PBXResourcesBuildPhase;
			buildActionMask = 2147483647;
			files = (
				534B0F2017EE98A9002B0573 /* Images.xcassets in Resources */,
				534B0F1217EE98A9002B0573 /* InfoPlist.strings in Resources */,
				534B0F1B17EE98A9002B0573 /* Main.storyboard in Resources */,
			);
			runOnlyForDeploymentPostprocessing = 0;
		};
		534B0F2317EE98A9002B0573 /* Resources */ = {
			isa = PBXResourcesBuildPhase;
			buildActionMask = 2147483647;
			files = (
				534B0F3117EE98A9002B0573 /* InfoPlist.strings in Resources */,
			);
			runOnlyForDeploymentPostprocessing = 0;
		};
/* End PBXResourcesBuildPhase section */

/* Begin PBXSourcesBuildPhase section */
		534B0F0017EE98A9002B0573 /* Sources */ = {
			isa = PBXSourcesBuildPhase;
			buildActionMask = 2147483647;
			files = (
				534B0F1E17EE98A9002B0573 /* ViewController.m in Sources */,
				534B0F1817EE98A9002B0573 /* AppDelegate.m in Sources */,
				534B0F4117EEE5EB002B0573 /* CardView.m in Sources */,
				534B0F1417EE98A9002B0573 /* main.m in Sources */,
			);
			runOnlyForDeploymentPostprocessing = 0;
		};
		534B0F2117EE98A9002B0573 /* Sources */ = {
			isa = PBXSourcesBuildPhase;
			buildActionMask = 2147483647;
			files = (
				534B0F3317EE98A9002B0573 /* ImageSwiperTests.m in Sources */,
			);
			runOnlyForDeploymentPostprocessing = 0;
		};
/* End PBXSourcesBuildPhase section */

/* Begin PBXTargetDependency section */
		534B0F2B17EE98A9002B0573 /* PBXTargetDependency */ = {
			isa = PBXTargetDependency;
			target = 534B0F0317EE98A9002B0573 /* ImageSwiper */;
			targetProxy = 534B0F2A17EE98A9002B0573 /* PBXContainerItemProxy */;
		};
/* End PBXTargetDependency section */

/* Begin PBXVariantGroup section */
		534B0F1017EE98A9002B0573 /* InfoPlist.strings */ = {
			isa = PBXVariantGroup;
			children = (
				534B0F1117EE98A9002B0573 /* en */,
			);
			name = InfoPlist.strings;
			sourceTree = "<group>";
		};
		534B0F1917EE98A9002B0573 /* Main.storyboard */ = {
			isa = PBXVariantGroup;
			children = (
				534B0F1A17EE98A9002B0573 /* Base */,
			);
			name = Main.storyboard;
			sourceTree = "<group>";
		};
		534B0F2F17EE98A9002B0573 /* InfoPlist.strings */ = {
			isa = PBXVariantGroup;
			children = (
				534B0F3017EE98A9002B0573 /* en */,
			);
			name = InfoPlist.strings;
			sourceTree = "<group>";
		};
/* End PBXVariantGroup section */

/* Begin XCBuildConfiguration section */
		534B0F3417EE98A9002B0573 /* Debug */ = {
			isa = XCBuildConfiguration;
			buildSettings = {
				ALWAYS_SEARCH_USER_PATHS = NO;
				ARCHS = "$(ARCHS_STANDARD_INCLUDING_64_BIT)";
				CLANG_CXX_LANGUAGE_STANDARD = "gnu++0x";
				CLANG_CXX_LIBRARY = "libc++";
				CLANG_ENABLE_MODULES = YES;
				CLANG_ENABLE_OBJC_ARC = YES;
				CLANG_WARN_BOOL_CONVERSION = YES;
				CLANG_WARN_CONSTANT_CONVERSION = YES;
				CLANG_WARN_DIRECT_OBJC_ISA_USAGE = YES_ERROR;
				CLANG_WARN_EMPTY_BODY = YES;
				CLANG_WARN_ENUM_CONVERSION = YES;
				CLANG_WARN_INT_CONVERSION = YES;
				CLANG_WARN_OBJC_ROOT_CLASS = YES_ERROR;
				CLANG_WARN__DUPLICATE_METHOD_MATCH = YES;
				"CODE_SIGN_IDENTITY[sdk=iphoneos*]" = "iPhone Developer";
				COPY_PHASE_STRIP = NO;
				GCC_C_LANGUAGE_STANDARD = gnu99;
				GCC_DYNAMIC_NO_PIC = NO;
				GCC_OPTIMIZATION_LEVEL = 0;
				GCC_PREPROCESSOR_DEFINITIONS = (
					"DEBUG=1",
					"$(inherited)",
				);
				GCC_SYMBOLS_PRIVATE_EXTERN = NO;
				GCC_WARN_64_TO_32_BIT_CONVERSION = YES;
				GCC_WARN_ABOUT_RETURN_TYPE = YES_ERROR;
				GCC_WARN_UNDECLARED_SELECTOR = YES;
				GCC_WARN_UNINITIALIZED_AUTOS = YES;
				GCC_WARN_UNUSED_FUNCTION = YES;
				GCC_WARN_UNUSED_VARIABLE = YES;
				IPHONEOS_DEPLOYMENT_TARGET = 7.0;
				ONLY_ACTIVE_ARCH = YES;
				SDKROOT = iphoneos;
			};
			name = Debug;
		};
		534B0F3517EE98A9002B0573 /* Release */ = {
			isa = XCBuildConfiguration;
			buildSettings = {
				ALWAYS_SEARCH_USER_PATHS = NO;
				ARCHS = "$(ARCHS_STANDARD_INCLUDING_64_BIT)";
				CLANG_CXX_LANGUAGE_STANDARD = "gnu++0x";
				CLANG_CXX_LIBRARY = "libc++";
				CLANG_ENABLE_MODULES = YES;
				CLANG_ENABLE_OBJC_ARC = YES;
				CLANG_WARN_BOOL_CONVERSION = YES;
				CLANG_WARN_CONSTANT_CONVERSION = YES;
				CLANG_WARN_DIRECT_OBJC_ISA_USAGE = YES_ERROR;
				CLANG_WARN_EMPTY_BODY = YES;
				CLANG_WARN_ENUM_CONVERSION = YES;
				CLANG_WARN_INT_CONVERSION = YES;
				CLANG_WARN_OBJC_ROOT_CLASS = YES_ERROR;
				CLANG_WARN__DUPLICATE_METHOD_MATCH = YES;
				"CODE_SIGN_IDENTITY[sdk=iphoneos*]" = "iPhone Developer";
				COPY_PHASE_STRIP = YES;
				ENABLE_NS_ASSERTIONS = NO;
				GCC_C_LANGUAGE_STANDARD = gnu99;
				GCC_WARN_64_TO_32_BIT_CONVERSION = YES;
				GCC_WARN_ABOUT_RETURN_TYPE = YES_ERROR;
				GCC_WARN_UNDECLARED_SELECTOR = YES;
				GCC_WARN_UNINITIALIZED_AUTOS = YES;
				GCC_WARN_UNUSED_FUNCTION = YES;
				GCC_WARN_UNUSED_VARIABLE = YES;
				IPHONEOS_DEPLOYMENT_TARGET = 7.0;
				SDKROOT = iphoneos;
				VALIDATE_PRODUCT = YES;
			};
			name = Release;
		};
		534B0F3717EE98A9002B0573 /* Debug */ = {
			isa = XCBuildConfiguration;
			buildSettings = {
				ASSETCATALOG_COMPILER_APPICON_NAME = AppIcon;
				ASSETCATALOG_COMPILER_LAUNCHIMAGE_NAME = LaunchImage;
				CODE_SIGN_IDENTITY = "iPhone Developer";
				"CODE_SIGN_IDENTITY[sdk=iphoneos*]" = "iPhone Developer";
				GCC_PRECOMPILE_PREFIX_HEADER = YES;
				GCC_PREFIX_HEADER = "ImageSwiper/ImageSwiper-Prefix.pch";
				INFOPLIST_FILE = "ImageSwiper/ImageSwiper-Info.plist";
				PRODUCT_NAME = "$(TARGET_NAME)";
				PROVISIONING_PROFILE = "";
				WRAPPER_EXTENSION = app;
			};
			name = Debug;
		};
		534B0F3817EE98A9002B0573 /* Release */ = {
			isa = XCBuildConfiguration;
			buildSettings = {
				ASSETCATALOG_COMPILER_APPICON_NAME = AppIcon;
				ASSETCATALOG_COMPILER_LAUNCHIMAGE_NAME = LaunchImage;
				CODE_SIGN_IDENTITY = "iPhone Developer";
				"CODE_SIGN_IDENTITY[sdk=iphoneos*]" = "iPhone Developer";
				GCC_PRECOMPILE_PREFIX_HEADER = YES;
				GCC_PREFIX_HEADER = "ImageSwiper/ImageSwiper-Prefix.pch";
				INFOPLIST_FILE = "ImageSwiper/ImageSwiper-Info.plist";
				PRODUCT_NAME = "$(TARGET_NAME)";
				PROVISIONING_PROFILE = "";
				WRAPPER_EXTENSION = app;
			};
			name = Release;
		};
		534B0F3A17EE98A9002B0573 /* Debug */ = {
			isa = XCBuildConfiguration;
			buildSettings = {
				ARCHS = "$(ARCHS_STANDARD_INCLUDING_64_BIT)";
				BUNDLE_LOADER = "$(BUILT_PRODUCTS_DIR)/ImageSwiper.app/ImageSwiper";
				FRAMEWORK_SEARCH_PATHS = (
					"$(SDKROOT)/Developer/Library/Frameworks",
					"$(inherited)",
					"$(DEVELOPER_FRAMEWORKS_DIR)",
				);
				GCC_PRECOMPILE_PREFIX_HEADER = YES;
				GCC_PREFIX_HEADER = "ImageSwiper/ImageSwiper-Prefix.pch";
				GCC_PREPROCESSOR_DEFINITIONS = (
					"DEBUG=1",
					"$(inherited)",
				);
				INFOPLIST_FILE = "ImageSwiperTests/ImageSwiperTests-Info.plist";
				PRODUCT_NAME = "$(TARGET_NAME)";
				TEST_HOST = "$(BUNDLE_LOADER)";
				WRAPPER_EXTENSION = xctest;
			};
			name = Debug;
		};
		534B0F3B17EE98A9002B0573 /* Release */ = {
			isa = XCBuildConfiguration;
			buildSettings = {
				ARCHS = "$(ARCHS_STANDARD_INCLUDING_64_BIT)";
				BUNDLE_LOADER = "$(BUILT_PRODUCTS_DIR)/ImageSwiper.app/ImageSwiper";
				FRAMEWORK_SEARCH_PATHS = (
					"$(SDKROOT)/Developer/Library/Frameworks",
					"$(inherited)",
					"$(DEVELOPER_FRAMEWORKS_DIR)",
				);
				GCC_PRECOMPILE_PREFIX_HEADER = YES;
				GCC_PREFIX_HEADER = "ImageSwiper/ImageSwiper-Prefix.pch";
				INFOPLIST_FILE = "ImageSwiperTests/ImageSwiperTests-Info.plist";
				PRODUCT_NAME = "$(TARGET_NAME)";
				TEST_HOST = "$(BUNDLE_LOADER)";
				WRAPPER_EXTENSION = xctest;
			};
			name = Release;
		};
/* End XCBuildConfiguration section */

/* Begin XCConfigurationList section */
		534B0EFF17EE98A9002B0573 /* Build configuration list for PBXProject "ImageSwiper" */ = {
			isa = XCConfigurationList;
			buildConfigurations = (
				534B0F3417EE98A9002B0573 /* Debug */,
				534B0F3517EE98A9002B0573 /* Release */,
			);
			defaultConfigurationIsVisible = 0;
			defaultConfigurationName = Release;
		};
		534B0F3617EE98A9002B0573 /* Build configuration list for PBXNativeTarget "ImageSwiper" */ = {
			isa = XCConfigurationList;
			buildConfigurations = (
				534B0F3717EE98A9002B0573 /* Debug */,
				534B0F3817EE98A9002B0573 /* Release */,
			);
			defaultConfigurationIsVisible = 0;
		};
		534B0F3917EE98A9002B0573 /* Build configuration list for PBXNativeTarget "ImageSwiperTests" */ = {
			isa = XCConfigurationList;
			buildConfigurations = (
				534B0F3A17EE98A9002B0573 /* Debug */,
				534B0F3B17EE98A9002B0573 /* Release */,
			);
			defaultConfigurationIsVisible = 0;
		};
/* End XCConfigurationList section */
	};
	rootObject = 534B0EFC17EE98A9002B0573 /* Project object */;
}
